
Microsoft Visual Studio Solution File, Format Version 12.00
# Visual Studio Version 17
VisualStudioVersion = 17.5.33516.290
MinimumVisualStudioVersion = 10.0.40219.1
Project("{FAE04EC0-301F-11D3-BF4B-00C04F79EFBC}") = "lab1_NP", "lab1_NP\lab1_NP.csproj", "{A937B342-D8DC-4E1B-A2B4-71E46F54C5B9}"
EndProject
Global
	GlobalSection(SolutionConfigurationPlatforms) = preSolution
		Debug|Any CPU = Debug|Any CPU
		Release|Any CPU = Release|Any CPU
	EndGlobalSection
	GlobalSection(ProjectConfigurationPlatforms) = postSolution
		{A937B342-D8DC-4E1B-A2B4-71E46F54C5B9}.Debug|Any CPU.ActiveCfg = Debug|Any CPU
		{A937B342-D8DC-4E1B-A2B4-71E46F54C5B9}.Debug|Any CPU.Build.0 = Debug|Any CPU
		{A937B342-D8DC-4E1B-A2B4-71E46F54C5B9}.Release|Any CPU.ActiveCfg = Release|Any CPU
		{A937B342-D8DC-4E1B-A2B4-71E46F54C5B9}.Release|Any CPU.Build.0 = Release|Any CPU
	EndGlobalSection
	GlobalSection(SolutionProperties) = preSolution
		HideSolutionNode = FALSE
	EndGlobalSection
	GlobalSection(ExtensibilityGlobals) = postSolution
		SolutionGuid = {C6F66ADA-7042-4AEB-B75F-B9F22D565022}
	EndGlobalSection
EndGlobal
